<?xml version="1.0" encoding="utf-8"?>
<Project ToolsVersion="4.0" xmlns="http://schemas.microsoft.com/developer/msbuild/2003">
  <ItemGroup>
    <Filter Include="ソース ファイル">
      <UniqueIdentifier>{4FC737F1-C7A5-4376-A066-2A32D752A2FF}</UniqueIdentifier>
      <Extensions>cpp;c;cc;cxx;c++;def;odl;idl;hpj;bat;asm;asmx</Extensions>
    </Filter>
    <Filter Include="ヘッダー ファイル">
      <UniqueIdentifier>{93995380-89BD-4b04-88EB-625FBE52EBFB}</UniqueIdentifier>
      <Extensions>h;hh;hpp;hxx;h++;hm;inl;inc;ipp;xsd</Extensions>
    </Filter>
    <Filter Include="リソース ファイル">
      <UniqueIdentifier>{67DA6AB6-F800-4c08-8B7A-83BB121AAD01}</UniqueIdentifier>
      <Extensions>rc;ico;cur;bmp;dlg;rc2;rct;bin;rgs;gif;jpg;jpeg;jpe;resx;tiff;tif;png;wav;mfcribbon-ms</Extensions>
    </Filter>
    <Filter Include="ソース ファイル\Engine">
      <UniqueIdentifier>{16f763b2-b02b-4e3e-a739-0c04589e22b4}</UniqueIdentifier>
    </Filter>
    <Filter Include="ソース ファイル\Graphic">
      <UniqueIdentifier>{7e955eff-7013-4c03-bbed-8cd14f5b8b0c}</UniqueIdentifier>
    </Filter>
    <Filter Include="ソース ファイル\Scene">
      <UniqueIdentifier>{ceebb509-ed4d-48fc-a993-70bf19c97e21}</UniqueIdentifier>
    </Filter>
    <Filter Include="ソース ファイル\Graphic\3D">
      <UniqueIdentifier>{f2f940c5-8b07-4248-b2f1-8461853a47b7}</UniqueIdentifier>
    </Filter>
    <Filter Include="ソース ファイル\Graphic\2D">
      <UniqueIdentifier>{d2f63c07-0555-4a4b-9e63-9b7d8b4c6e81}</UniqueIdentifier>
    </Filter>
    <Filter Include="ソース ファイル\Graphic\Camera">
      <UniqueIdentifier>{aca368b8-0b43-48cd-8cdd-2e6ad58fe41f}</UniqueIdentifier>
    </Filter>
    <Filter Include="ソース ファイル\Graphic\Light">
      <UniqueIdentifier>{859937fd-36e3-499f-aa29-96042fd306b5}</UniqueIdentifier>
    </Filter>
  </ItemGroup>
  <ItemGroup>
    <ClCompile Include="Source\main.cpp">
      <Filter>ソース ファイル</Filter>
    </ClCompile>
    <ClCompile Include="Source\Scene\Scene.cpp">
      <Filter>ソース ファイル\Scene</Filter>
    </ClCompile>
    <ClCompile Include="Source\Engine\FramerateFix.cpp">
      <Filter>ソース ファイル\Engine</Filter>
    </ClCompile>
    <ClCompile Include="Source\Engine\Input.cpp">
      <Filter>ソース ファイル\Engine</Filter>
    </ClCompile>
    <ClCompile Include="Source\Engine\Window.cpp">
      <Filter>ソース ファイル\Engine</Filter>
    </ClCompile>
    <ClCompile Include="Source\Engine\Dx12.cpp">
      <Filter>ソース ファイル\Engine</Filter>
    </ClCompile>
    <ClCompile Include="Source\Engine\Engine.cpp">
      <Filter>ソース ファイル\Engine</Filter>
    </ClCompile>
    <ClCompile Include="Source\Graphic\3D\Object3d.cpp">
      <Filter>ソース ファイル\Graphic\3D</Filter>
    </ClCompile>
    <ClCompile Include="Source\Graphic\3D\ParticleManager.cpp">
      <Filter>ソース ファイル\Graphic\3D</Filter>
    </ClCompile>
    <ClCompile Include="Source\Graphic\3D\Material.cpp">
      <Filter>ソース ファイル\Graphic\3D</Filter>
    </ClCompile>
    <ClCompile Include="Source\Graphic\3D\Mesh.cpp">
      <Filter>ソース ファイル\Graphic\3D</Filter>
    </ClCompile>
    <ClCompile Include="Source\Graphic\3D\Model.cpp">
      <Filter>ソース ファイル\Graphic\3D</Filter>
    </ClCompile>
    <ClCompile Include="Source\Graphic\2D\Sprite.cpp">
      <Filter>ソース ファイル\Graphic\2D</Filter>
    </ClCompile>
    <ClCompile Include="Source\Graphic\Camera\Camera.cpp">
      <Filter>ソース ファイル\Graphic\Camera</Filter>
    </ClCompile>
    <ClCompile Include="Source\Graphic\Camera\DebugCamera.cpp">
      <Filter>ソース ファイル\Graphic\Camera</Filter>
    </ClCompile>
    <ClCompile Include="Source\Graphic\Light\Light.cpp">
      <Filter>ソース ファイル\Graphic\Light</Filter>
    </ClCompile>
  </ItemGroup>
  <ItemGroup>
    <ClInclude Include="Source\Scene\Scene.h">
      <Filter>ソース ファイル\Scene</Filter>
    </ClInclude>
    <ClInclude Include="Source\Easing.h">
      <Filter>ヘッダー ファイル</Filter>
    </ClInclude>
    <ClInclude Include="Source\Engine\FramerateFix.h">
      <Filter>ソース ファイル\Engine</Filter>
    </ClInclude>
    <ClInclude Include="Source\Engine\Input.h">
      <Filter>ソース ファイル\Engine</Filter>
    </ClInclude>
    <ClInclude Include="Source\Engine\Window.h">
      <Filter>ソース ファイル\Engine</Filter>
    </ClInclude>
    <ClInclude Include="Source\Engine\Dx12.h">
      <Filter>ソース ファイル\Engine</Filter>
    </ClInclude>
    <ClInclude Include="Source\Engine\Engine.h">
      <Filter>ソース ファイル\Engine</Filter>
    </ClInclude>
    <ClInclude Include="Source\Graphic\3D\Model.h">
      <Filter>ソース ファイル\Graphic\3D</Filter>
    </ClInclude>
    <ClInclude Include="Source\Graphic\3D\Object3d.h">
      <Filter>ソース ファイル\Graphic\3D</Filter>
    </ClInclude>
    <ClInclude Include="Source\Graphic\3D\ParticleManager.h">
      <Filter>ソース ファイル\Graphic\3D</Filter>
    </ClInclude>
    <ClInclude Include="Source\Graphic\3D\Material.h">
      <Filter>ソース ファイル\Graphic\3D</Filter>
    </ClInclude>
    <ClInclude Include="Source\Graphic\3D\Mesh.h">
      <Filter>ソース ファイル\Graphic\3D</Filter>
    </ClInclude>
    <ClInclude Include="Source\Graphic\2D\Sprite.h">
      <Filter>ソース ファイル\Graphic\2D</Filter>
    </ClInclude>
    <ClInclude Include="Source\Graphic\Camera\Camera.h">
      <Filter>ソース ファイル\Graphic\Camera</Filter>
    </ClInclude>
    <ClInclude Include="Source\Graphic\Camera\DebugCamera.h">
      <Filter>ソース ファイル\Graphic\Camera</Filter>
    </ClInclude>
    <ClInclude Include="Source\Graphic\Light\Light.h">
      <Filter>ソース ファイル\Graphic\Light</Filter>
    </ClInclude>
  </ItemGroup>
</Project>