<?xml version="1.0" encoding="utf-8"?>
<Project ToolsVersion="4.0" xmlns="http://schemas.microsoft.com/developer/msbuild/2003">
  <ItemGroup>
    <Filter Include="ソース ファイル">
      <UniqueIdentifier>{4FC737F1-C7A5-4376-A066-2A32D752A2FF}</UniqueIdentifier>
      <Extensions>cpp;c;cc;cxx;c++;def;odl;idl;hpj;bat;asm;asmx</Extensions>
    </Filter>
    <Filter Include="ヘッダー ファイル">
      <UniqueIdentifier>{93995380-89BD-4b04-88EB-625FBE52EBFB}</UniqueIdentifier>
      <Extensions>h;hh;hpp;hxx;h++;hm;inl;inc;ipp;xsd</Extensions>
    </Filter>
    <Filter Include="リソース ファイル">
      <UniqueIdentifier>{67DA6AB6-F800-4c08-8B7A-83BB121AAD01}</UniqueIdentifier>
      <Extensions>rc;ico;cur;bmp;dlg;rc2;rct;bin;rgs;gif;jpg;jpeg;jpe;resx;tiff;tif;png;wav;mfcribbon-ms</Extensions>
    </Filter>
    <Filter Include="ソース ファイル\Engine">
      <UniqueIdentifier>{16f763b2-b02b-4e3e-a739-0c04589e22b4}</UniqueIdentifier>
    </Filter>
    <Filter Include="ソース ファイル\Graphic">
      <UniqueIdentifier>{7e955eff-7013-4c03-bbed-8cd14f5b8b0c}</UniqueIdentifier>
    </Filter>
    <Filter Include="ソース ファイル\Scene">
      <UniqueIdentifier>{ceebb509-ed4d-48fc-a993-70bf19c97e21}</UniqueIdentifier>
    </Filter>
    <Filter Include="ソース ファイル\Graphic\3D">
      <UniqueIdentifier>{f2f940c5-8b07-4248-b2f1-8461853a47b7}</UniqueIdentifier>
    </Filter>
    <Filter Include="ソース ファイル\Graphic\2D">
      <UniqueIdentifier>{d2f63c07-0555-4a4b-9e63-9b7d8b4c6e81}</UniqueIdentifier>
    </Filter>
    <Filter Include="ソース ファイル\Graphic\Camera">
      <UniqueIdentifier>{aca368b8-0b43-48cd-8cdd-2e6ad58fe41f}</UniqueIdentifier>
    </Filter>
    <Filter Include="ソース ファイル\Graphic\Light">
      <UniqueIdentifier>{859937fd-36e3-499f-aa29-96042fd306b5}</UniqueIdentifier>
    </Filter>
    <Filter Include="ソース ファイル\Sound">
      <UniqueIdentifier>{3e109c1a-4cfd-49a2-a7f8-c89f6f8a099c}</UniqueIdentifier>
    </Filter>
    <Filter Include="ソース ファイル\Input">
      <UniqueIdentifier>{51f2bf43-3db2-4b20-ab53-9f040cbedba1}</UniqueIdentifier>
    </Filter>
    <Filter Include="ソース ファイル\Collision">
      <UniqueIdentifier>{82dda1f4-d9af-4567-a62f-73aff05d1183}</UniqueIdentifier>
    </Filter>
    <Filter Include="ヘッダー ファイル\Math">
      <UniqueIdentifier>{df34fc5a-6bcb-43b6-bbec-1a9401341f64}</UniqueIdentifier>
    </Filter>
    <Filter Include="ソース ファイル\Game">
      <UniqueIdentifier>{c71b9fd8-a67e-4104-8ceb-fb073becb802}</UniqueIdentifier>
    </Filter>
  </ItemGroup>
  <ItemGroup>
    <ClCompile Include="Source\main.cpp">
      <Filter>ソース ファイル</Filter>
    </ClCompile>
    <ClCompile Include="Source\Engine\FramerateFix.cpp">
      <Filter>ソース ファイル\Engine</Filter>
    </ClCompile>
    <ClCompile Include="Source\Engine\Window.cpp">
      <Filter>ソース ファイル\Engine</Filter>
    </ClCompile>
    <ClCompile Include="Source\Engine\Dx12.cpp">
      <Filter>ソース ファイル\Engine</Filter>
    </ClCompile>
    <ClCompile Include="Source\Engine\Engine.cpp">
      <Filter>ソース ファイル\Engine</Filter>
    </ClCompile>
    <ClCompile Include="Source\Graphic\3D\Object3d.cpp">
      <Filter>ソース ファイル\Graphic\3D</Filter>
    </ClCompile>
    <ClCompile Include="Source\Graphic\3D\ParticleManager.cpp">
      <Filter>ソース ファイル\Graphic\3D</Filter>
    </ClCompile>
    <ClCompile Include="Source\Graphic\3D\Material.cpp">
      <Filter>ソース ファイル\Graphic\3D</Filter>
    </ClCompile>
    <ClCompile Include="Source\Graphic\3D\Mesh.cpp">
      <Filter>ソース ファイル\Graphic\3D</Filter>
    </ClCompile>
    <ClCompile Include="Source\Graphic\3D\Model.cpp">
      <Filter>ソース ファイル\Graphic\3D</Filter>
    </ClCompile>
    <ClCompile Include="Source\Graphic\2D\Sprite.cpp">
      <Filter>ソース ファイル\Graphic\2D</Filter>
    </ClCompile>
    <ClCompile Include="Source\Graphic\Camera\Camera.cpp">
      <Filter>ソース ファイル\Graphic\Camera</Filter>
    </ClCompile>
    <ClCompile Include="Source\Graphic\Camera\DebugCamera.cpp">
      <Filter>ソース ファイル\Graphic\Camera</Filter>
    </ClCompile>
    <ClCompile Include="Source\Graphic\Light\Light.cpp">
      <Filter>ソース ファイル\Graphic\Light</Filter>
    </ClCompile>
    <ClCompile Include="Source\Sound\Audio.cpp">
      <Filter>ソース ファイル\Sound</Filter>
    </ClCompile>
    <ClCompile Include="Source\Input\Input.cpp">
      <Filter>ソース ファイル\Input</Filter>
    </ClCompile>
    <ClCompile Include="Source\Scene\GameOverScene.cpp">
      <Filter>ソース ファイル\Scene</Filter>
    </ClCompile>
    <ClCompile Include="Source\Scene\GameScene.cpp">
      <Filter>ソース ファイル\Scene</Filter>
    </ClCompile>
    <ClCompile Include="Source\Scene\HelpScene.cpp">
      <Filter>ソース ファイル\Scene</Filter>
    </ClCompile>
    <ClCompile Include="Source\Scene\GameClearScene.cpp">
      <Filter>ソース ファイル\Scene</Filter>
    </ClCompile>
    <ClCompile Include="Source\Graphic\2D\DebugText.cpp">
      <Filter>ソース ファイル\Graphic\2D</Filter>
    </ClCompile>
    <ClCompile Include="Source\Graphic\3D\Obj3DManager.cpp">
      <Filter>ソース ファイル\Graphic\3D</Filter>
    </ClCompile>
    <ClCompile Include="Source\Scene\TitleScene.cpp">
      <Filter>ソース ファイル\Scene</Filter>
    </ClCompile>
    <ClCompile Include="Source\Scene\SceneManager.cpp">
      <Filter>ソース ファイル\Scene</Filter>
    </ClCompile>
    <ClCompile Include="Source\Collision\Collision.cpp">
      <Filter>ソース ファイル\Collision</Filter>
    </ClCompile>
    <ClCompile Include="Source\Collision\CollisionPrimitive.cpp">
      <Filter>ソース ファイル\Collision</Filter>
    </ClCompile>
    <ClCompile Include="Source\Graphic\3D\Primitive3D.cpp">
      <Filter>ソース ファイル\Graphic\3D</Filter>
    </ClCompile>
    <ClCompile Include="Source\Game\Score.cpp">
      <Filter>ソース ファイル\Game</Filter>
    </ClCompile>
  </ItemGroup>
  <ItemGroup>
    <ClInclude Include="Source\Scene\Scene.h">
      <Filter>ソース ファイル\Scene</Filter>
    </ClInclude>
    <ClInclude Include="Source\Easing.h">
      <Filter>ヘッダー ファイル</Filter>
    </ClInclude>
    <ClInclude Include="Source\Engine\FramerateFix.h">
      <Filter>ソース ファイル\Engine</Filter>
    </ClInclude>
    <ClInclude Include="Source\Engine\Window.h">
      <Filter>ソース ファイル\Engine</Filter>
    </ClInclude>
    <ClInclude Include="Source\Engine\Dx12.h">
      <Filter>ソース ファイル\Engine</Filter>
    </ClInclude>
    <ClInclude Include="Source\Engine\Engine.h">
      <Filter>ソース ファイル\Engine</Filter>
    </ClInclude>
    <ClInclude Include="Source\Graphic\3D\Model.h">
      <Filter>ソース ファイル\Graphic\3D</Filter>
    </ClInclude>
    <ClInclude Include="Source\Graphic\3D\Object3d.h">
      <Filter>ソース ファイル\Graphic\3D</Filter>
    </ClInclude>
    <ClInclude Include="Source\Graphic\3D\ParticleManager.h">
      <Filter>ソース ファイル\Graphic\3D</Filter>
    </ClInclude>
    <ClInclude Include="Source\Graphic\3D\Material.h">
      <Filter>ソース ファイル\Graphic\3D</Filter>
    </ClInclude>
    <ClInclude Include="Source\Graphic\3D\Mesh.h">
      <Filter>ソース ファイル\Graphic\3D</Filter>
    </ClInclude>
    <ClInclude Include="Source\Graphic\2D\Sprite.h">
      <Filter>ソース ファイル\Graphic\2D</Filter>
    </ClInclude>
    <ClInclude Include="Source\Graphic\Camera\Camera.h">
      <Filter>ソース ファイル\Graphic\Camera</Filter>
    </ClInclude>
    <ClInclude Include="Source\Graphic\Camera\DebugCamera.h">
      <Filter>ソース ファイル\Graphic\Camera</Filter>
    </ClInclude>
    <ClInclude Include="Source\Graphic\Light\Light.h">
      <Filter>ソース ファイル\Graphic\Light</Filter>
    </ClInclude>
    <ClInclude Include="Source\Sound\Audio.h">
      <Filter>ソース ファイル\Sound</Filter>
    </ClInclude>
    <ClInclude Include="Source\Input\Input.h">
      <Filter>ソース ファイル\Input</Filter>
    </ClInclude>
    <ClInclude Include="Source\Scene\GameOverScene.h">
      <Filter>ソース ファイル\Scene</Filter>
    </ClInclude>
    <ClInclude Include="Source\Scene\GameScene.h">
      <Filter>ソース ファイル\Scene</Filter>
    </ClInclude>
    <ClInclude Include="Source\Scene\HelpScene.h">
      <Filter>ソース ファイル\Scene</Filter>
    </ClInclude>
    <ClInclude Include="Source\Scene\GameClearScene.h">
      <Filter>ソース ファイル\Scene</Filter>
    </ClInclude>
    <ClInclude Include="Source\Engine\SafeDelete.h">
      <Filter>ソース ファイル\Engine</Filter>
    </ClInclude>
    <ClInclude Include="Source\Graphic\2D\DebugText.h">
      <Filter>ソース ファイル\Graphic\2D</Filter>
    </ClInclude>
    <ClInclude Include="Source\Graphic\3D\Obj3DManager.h">
      <Filter>ソース ファイル\Graphic\3D</Filter>
    </ClInclude>
    <ClInclude Include="Source\Scene\TitleScene.h">
      <Filter>ソース ファイル\Scene</Filter>
    </ClInclude>
    <ClInclude Include="Source\Scene\SceneManager.h">
      <Filter>ソース ファイル\Scene</Filter>
    </ClInclude>
    <ClInclude Include="Source\Collision\Collision.h">
      <Filter>ソース ファイル\Collision</Filter>
    </ClInclude>
    <ClInclude Include="Source\Collision\CollisionPrimitive.h">
      <Filter>ソース ファイル\Collision</Filter>
    </ClInclude>
    <ClInclude Include="Source\Graphic\3D\Primitive3D.h">
      <Filter>ソース ファイル\Graphic\3D</Filter>
    </ClInclude>
    <ClInclude Include="Source\Math\Vector2D.h">
      <Filter>ヘッダー ファイル\Math</Filter>
    </ClInclude>
    <ClInclude Include="Source\Math\Vector3D.h">
      <Filter>ヘッダー ファイル\Math</Filter>
    </ClInclude>
    <ClInclude Include="Source\Game\Score.h">
      <Filter>ソース ファイル\Game</Filter>
    </ClInclude>
  </ItemGroup>
  <ItemGroup>
    <None Include="Source\Shader\OBJShaderHeader.hlsli">
      <Filter>リソース ファイル</Filter>
    </None>
    <None Include="Source\Shader\SpriteShaderHeader.hlsli">
      <Filter>リソース ファイル</Filter>
    </None>
    <None Include="Source\Shader\OBJNoTexShaderHeader.hlsli">
      <Filter>リソース ファイル</Filter>
    </None>
    <None Include="Source\Shader\Particle.hlsli">
      <Filter>リソース ファイル</Filter>
    </None>
  </ItemGroup>
  <ItemGroup>
    <FxCompile Include="Source\Shader\OBJPixelShader.hlsl">
      <Filter>リソース ファイル</Filter>
    </FxCompile>
    <FxCompile Include="Source\Shader\OBJVertexShader.hlsl">
      <Filter>リソース ファイル</Filter>
    </FxCompile>
    <FxCompile Include="Source\Shader\SpritePixelShader.hlsl">
      <Filter>リソース ファイル</Filter>
    </FxCompile>
    <FxCompile Include="Source\Shader\SpriteVertexShader.hlsl">
      <Filter>リソース ファイル</Filter>
    </FxCompile>
    <FxCompile Include="Source\Shader\OBJNoTexVertexShader.hlsl">
      <Filter>リソース ファイル</Filter>
    </FxCompile>
    <FxCompile Include="Source\Shader\OBJNoTexPixelShader.hlsl">
      <Filter>リソース ファイル</Filter>
    </FxCompile>
    <FxCompile Include="Source\Shader\ParticleGS.hlsl">
      <Filter>リソース ファイル</Filter>
    </FxCompile>
    <FxCompile Include="Source\Shader\ParticlePS.hlsl">
      <Filter>リソース ファイル</Filter>
    </FxCompile>
    <FxCompile Include="Source\Shader\ParticleVS.hlsl">
      <Filter>リソース ファイル</Filter>
    </FxCompile>
  </ItemGroup>
</Project>